
Microsoft Visual Studio Solution File, Format Version 11.00
# Visual Studio 2010
Project("{FAE04EC0-301F-11D3-BF4B-00C04F79EFBC}") = "LampShowCreator", "LampShowCreator\LampShowCreator.csproj", "{B7D03601-6785-4C03-B5A6-A2BAF9B1581F}"
EndProject
Global
	GlobalSection(SolutionConfigurationPlatforms) = preSolution
		Debug|x86 = Debug|x86
		Release|x86 = Release|x86
	EndGlobalSection
	GlobalSection(ProjectConfigurationPlatforms) = postSolution
		{B7D03601-6785-4C03-B5A6-A2BAF9B1581F}.Debug|x86.ActiveCfg = Debug|x86
		{B7D03601-6785-4C03-B5A6-A2BAF9B1581F}.Debug|x86.Build.0 = Debug|x86
		{B7D03601-6785-4C03-B5A6-A2BAF9B1581F}.Release|x86.ActiveCfg = Release|x86
		{B7D03601-6785-4C03-B5A6-A2BAF9B1581F}.Release|x86.Build.0 = Release|x86
	EndGlobalSection
	GlobalSection(SolutionProperties) = preSolution
		HideSolutionNode = FALSE
	EndGlobalSection
EndGlobal
